
Microsoft Visual Studio Solution File, Format Version 12.00
# Visual Studio Version 17
VisualStudioVersion = 17.14.36908.2
MinimumVisualStudioVersion = 10.0.40219.1
Project("{FAE04EC0-301F-11D3-BF4B-00C04F79EFBC}") = "WestWindWebApp", "WestWindWebApp\WestWindWebApp.csproj", "{27CF2C52-473B-4124-B436-04E61FEC947E}"
EndProject
Project("{FAE04EC0-301F-11D3-BF4B-00C04F79EFBC}") = "ClassWestWindSystem", "ClassWestWindSystem\ClassWestWindSystem.csproj", "{4D1A98FF-9682-40E4-B453-35C34207117E}"
EndProject
Global
	GlobalSection(SolutionConfigurationPlatforms) = preSolution
		Debug|Any CPU = Debug|Any CPU
		Release|Any CPU = Release|Any CPU
	EndGlobalSection
	GlobalSection(ProjectConfigurationPlatforms) = postSolution
		{27CF2C52-473B-4124-B436-04E61FEC947E}.Debug|Any CPU.ActiveCfg = Debug|Any CPU
		{27CF2C52-473B-4124-B436-04E61FEC947E}.Debug|Any CPU.Build.0 = Debug|Any CPU
		{27CF2C52-473B-4124-B436-04E61FEC947E}.Release|Any CPU.ActiveCfg = Release|Any CPU
		{27CF2C52-473B-4124-B436-04E61FEC947E}.Release|Any CPU.Build.0 = Release|Any CPU
		{4D1A98FF-9682-40E4-B453-35C34207117E}.Debug|Any CPU.ActiveCfg = Debug|Any CPU
		{4D1A98FF-9682-40E4-B453-35C34207117E}.Debug|Any CPU.Build.0 = Debug|Any CPU
		{4D1A98FF-9682-40E4-B453-35C34207117E}.Release|Any CPU.ActiveCfg = Release|Any CPU
		{4D1A98FF-9682-40E4-B453-35C34207117E}.Release|Any CPU.Build.0 = Release|Any CPU
	EndGlobalSection
	GlobalSection(SolutionProperties) = preSolution
		HideSolutionNode = FALSE
	EndGlobalSection
	GlobalSection(ExtensibilityGlobals) = postSolution
		SolutionGuid = {3094A639-6712-42BF-B286-2A1F7EC6298C}
	EndGlobalSection
EndGlobal
