
Microsoft Visual Studio Solution File, Format Version 12.00
# Visual Studio Version 17
VisualStudioVersion = 17.14.36908.2 d17.14
MinimumVisualStudioVersion = 10.0.40219.1
Project("{FAE04EC0-301F-11D3-BF4B-00C04F79EFBC}") = "Deliverable2WebApp", "Deliverable2WebApp\Deliverable2WebApp.csproj", "{4A82A56F-7F1C-4F5D-997D-C18CD3CBD2C9}"
EndProject
Project("{FAE04EC0-301F-11D3-BF4B-00C04F79EFBC}") = "Dileverable2System", "Dileverable2System\Dileverable2System.csproj", "{5EB2439F-BDAD-423A-8F97-568F9BBE22B6}"
EndProject
Global
	GlobalSection(SolutionConfigurationPlatforms) = preSolution
		Debug|Any CPU = Debug|Any CPU
		Release|Any CPU = Release|Any CPU
	EndGlobalSection
	GlobalSection(ProjectConfigurationPlatforms) = postSolution
		{4A82A56F-7F1C-4F5D-997D-C18CD3CBD2C9}.Debug|Any CPU.ActiveCfg = Debug|Any CPU
		{4A82A56F-7F1C-4F5D-997D-C18CD3CBD2C9}.Debug|Any CPU.Build.0 = Debug|Any CPU
		{4A82A56F-7F1C-4F5D-997D-C18CD3CBD2C9}.Release|Any CPU.ActiveCfg = Release|Any CPU
		{4A82A56F-7F1C-4F5D-997D-C18CD3CBD2C9}.Release|Any CPU.Build.0 = Release|Any CPU
		{5EB2439F-BDAD-423A-8F97-568F9BBE22B6}.Debug|Any CPU.ActiveCfg = Debug|Any CPU
		{5EB2439F-BDAD-423A-8F97-568F9BBE22B6}.Debug|Any CPU.Build.0 = Debug|Any CPU
		{5EB2439F-BDAD-423A-8F97-568F9BBE22B6}.Release|Any CPU.ActiveCfg = Release|Any CPU
		{5EB2439F-BDAD-423A-8F97-568F9BBE22B6}.Release|Any CPU.Build.0 = Release|Any CPU
	EndGlobalSection
	GlobalSection(SolutionProperties) = preSolution
		HideSolutionNode = FALSE
	EndGlobalSection
	GlobalSection(ExtensibilityGlobals) = postSolution
		SolutionGuid = {DF166560-0235-4AEC-BD38-6E17004904A5}
	EndGlobalSection
EndGlobal
