
Microsoft Visual Studio Solution File, Format Version 12.00
# Visual Studio Version 17
VisualStudioVersion = 17.14.36908.2 d17.14
MinimumVisualStudioVersion = 10.0.40219.1
Project("{FAE04EC0-301F-11D3-BF4B-00C04F79EFBC}") = "DiscountCalculatorXUnit", "DiscountCalculator\DiscountCalculatorXUnit.csproj", "{ED8923AF-B63B-4DA8-825A-AD3922D045F0}"
EndProject
Project("{FAE04EC0-301F-11D3-BF4B-00C04F79EFBC}") = "DiscountCalculatorPr", "DiscountCalculatorPr\DiscountCalculatorPr.csproj", "{03C572DF-AD11-4A74-8C79-3337EF8A471D}"
EndProject
Global
	GlobalSection(SolutionConfigurationPlatforms) = preSolution
		Debug|Any CPU = Debug|Any CPU
		Release|Any CPU = Release|Any CPU
	EndGlobalSection
	GlobalSection(ProjectConfigurationPlatforms) = postSolution
		{ED8923AF-B63B-4DA8-825A-AD3922D045F0}.Debug|Any CPU.ActiveCfg = Debug|Any CPU
		{ED8923AF-B63B-4DA8-825A-AD3922D045F0}.Debug|Any CPU.Build.0 = Debug|Any CPU
		{ED8923AF-B63B-4DA8-825A-AD3922D045F0}.Release|Any CPU.ActiveCfg = Release|Any CPU
		{ED8923AF-B63B-4DA8-825A-AD3922D045F0}.Release|Any CPU.Build.0 = Release|Any CPU
		{03C572DF-AD11-4A74-8C79-3337EF8A471D}.Debug|Any CPU.ActiveCfg = Debug|Any CPU
		{03C572DF-AD11-4A74-8C79-3337EF8A471D}.Debug|Any CPU.Build.0 = Debug|Any CPU
		{03C572DF-AD11-4A74-8C79-3337EF8A471D}.Release|Any CPU.ActiveCfg = Release|Any CPU
		{03C572DF-AD11-4A74-8C79-3337EF8A471D}.Release|Any CPU.Build.0 = Release|Any CPU
	EndGlobalSection
	GlobalSection(SolutionProperties) = preSolution
		HideSolutionNode = FALSE
	EndGlobalSection
	GlobalSection(ExtensibilityGlobals) = postSolution
		SolutionGuid = {B8D753F2-A4DA-4C92-86A7-68FE2E599AD4}
	EndGlobalSection
EndGlobal
